
Microsoft Visual Studio Solution File, Format Version 11.00
# Visual Studio 2010
# SharpDevelop 4.4
Project("{FAE04EC0-301F-11D3-BF4B-00C04F79EFBC}") = "VIESCheckVatService", "VIESCheckVatService\VIESCheckVatService.csproj", "{491CC2A7-8D82-4A41-B664-612E52D20A52}"
EndProject
Project("{FAE04EC0-301F-11D3-BF4B-00C04F79EFBC}") = "VIESCheckVatServiceClient", "VIESCheckVatServiceClient\VIESCheckVatServiceClient.csproj", "{2754432C-BE8E-4193-9CE4-2DF59B25C8BE}"
EndProject
Global
	GlobalSection(SolutionConfigurationPlatforms) = preSolution
		Debug|Any CPU = Debug|Any CPU
		Release|Any CPU = Release|Any CPU
	EndGlobalSection
	GlobalSection(ProjectConfigurationPlatforms) = postSolution
		{491CC2A7-8D82-4A41-B664-612E52D20A52}.Debug|Any CPU.Build.0 = Debug|Any CPU
		{491CC2A7-8D82-4A41-B664-612E52D20A52}.Debug|Any CPU.ActiveCfg = Debug|Any CPU
		{491CC2A7-8D82-4A41-B664-612E52D20A52}.Release|Any CPU.Build.0 = Release|Any CPU
		{491CC2A7-8D82-4A41-B664-612E52D20A52}.Release|Any CPU.ActiveCfg = Release|Any CPU
		{2754432C-BE8E-4193-9CE4-2DF59B25C8BE}.Debug|Any CPU.Build.0 = Debug|Any CPU
		{2754432C-BE8E-4193-9CE4-2DF59B25C8BE}.Debug|Any CPU.ActiveCfg = Debug|Any CPU
		{2754432C-BE8E-4193-9CE4-2DF59B25C8BE}.Release|Any CPU.Build.0 = Release|Any CPU
		{2754432C-BE8E-4193-9CE4-2DF59B25C8BE}.Release|Any CPU.ActiveCfg = Release|Any CPU
	EndGlobalSection
EndGlobal
